
Microsoft Visual Studio Solution File, Format Version 12.00
# Visual Studio 15
VisualStudioVersion = 15.0.28307.645
MinimumVisualStudioVersion = 10.0.40219.1
Project("{FAE04EC0-301F-11D3-BF4B-00C04F79EFBC}") = "Ecommerce", "Ecommerce\Ecommerce.csproj", "{E999FC3E-65A2-4DB2-84C5-9A0B72FC5642}"
EndProject
Project("{FAE04EC0-301F-11D3-BF4B-00C04F79EFBC}") = "Common", "Common\Common.csproj", "{5FA86B9C-980C-46FC-A437-997483EB4B04}"
EndProject
Project("{FAE04EC0-301F-11D3-BF4B-00C04F79EFBC}") = "Model", "Model\Model.csproj", "{BF33B025-EB31-4D86-994A-1233E083A56B}"
EndProject
Global
	GlobalSection(SolutionConfigurationPlatforms) = preSolution
		Debug|Any CPU = Debug|Any CPU
		Release|Any CPU = Release|Any CPU
	EndGlobalSection
	GlobalSection(ProjectConfigurationPlatforms) = postSolution
		{E999FC3E-65A2-4DB2-84C5-9A0B72FC5642}.Debug|Any CPU.ActiveCfg = Debug|Any CPU
		{E999FC3E-65A2-4DB2-84C5-9A0B72FC5642}.Debug|Any CPU.Build.0 = Debug|Any CPU
		{E999FC3E-65A2-4DB2-84C5-9A0B72FC5642}.Release|Any CPU.ActiveCfg = Release|Any CPU
		{E999FC3E-65A2-4DB2-84C5-9A0B72FC5642}.Release|Any CPU.Build.0 = Release|Any CPU
		{5FA86B9C-980C-46FC-A437-997483EB4B04}.Debug|Any CPU.ActiveCfg = Debug|Any CPU
		{5FA86B9C-980C-46FC-A437-997483EB4B04}.Debug|Any CPU.Build.0 = Debug|Any CPU
		{5FA86B9C-980C-46FC-A437-997483EB4B04}.Release|Any CPU.ActiveCfg = Release|Any CPU
		{5FA86B9C-980C-46FC-A437-997483EB4B04}.Release|Any CPU.Build.0 = Release|Any CPU
		{BF33B025-EB31-4D86-994A-1233E083A56B}.Debug|Any CPU.ActiveCfg = Debug|Any CPU
		{BF33B025-EB31-4D86-994A-1233E083A56B}.Debug|Any CPU.Build.0 = Debug|Any CPU
		{BF33B025-EB31-4D86-994A-1233E083A56B}.Release|Any CPU.ActiveCfg = Release|Any CPU
		{BF33B025-EB31-4D86-994A-1233E083A56B}.Release|Any CPU.Build.0 = Release|Any CPU
	EndGlobalSection
	GlobalSection(SolutionProperties) = preSolution
		HideSolutionNode = FALSE
	EndGlobalSection
	GlobalSection(ExtensibilityGlobals) = postSolution
		SolutionGuid = {7E96AF00-EAAA-4BC2-B9D4-15B2D007BC30}
	EndGlobalSection
EndGlobal
